
Microsoft Visual Studio Solution File, Format Version 12.00
# Visual Studio Version 17
VisualStudioVersion = 17.14.36908.2 d17.14
MinimumVisualStudioVersion = 10.0.40219.1
Project("{FAE04EC0-301F-11D3-BF4B-00C04F79EFBC}") = "EMS", "EMS.csproj", "{B2086EE0-8D50-4F07-BEF7-B09D8D782705}"
EndProject
Global
	GlobalSection(SolutionConfigurationPlatforms) = preSolution
		Debug|Any CPU = Debug|Any CPU
		Release|Any CPU = Release|Any CPU
	EndGlobalSection
	GlobalSection(ProjectConfigurationPlatforms) = postSolution
		{B2086EE0-8D50-4F07-BEF7-B09D8D782705}.Debug|Any CPU.ActiveCfg = Debug|Any CPU
		{B2086EE0-8D50-4F07-BEF7-B09D8D782705}.Debug|Any CPU.Build.0 = Debug|Any CPU
		{B2086EE0-8D50-4F07-BEF7-B09D8D782705}.Release|Any CPU.ActiveCfg = Release|Any CPU
		{B2086EE0-8D50-4F07-BEF7-B09D8D782705}.Release|Any CPU.Build.0 = Release|Any CPU
	EndGlobalSection
	GlobalSection(SolutionProperties) = preSolution
		HideSolutionNode = FALSE
	EndGlobalSection
	GlobalSection(ExtensibilityGlobals) = postSolution
		SolutionGuid = {66A1FECA-1C92-4A0B-8845-F07E50425D53}
	EndGlobalSection
EndGlobal
